
Microsoft Visual Studio Solution File, Format Version 12.00
# Visual Studio Version 16
VisualStudioVersion = 16.0.30717.126
MinimumVisualStudioVersion = 10.0.40219.1
Project("{FAE04EC0-301F-11D3-BF4B-00C04F79EFBC}") = "Cinema", "Cinema\Cinema.csproj", "{D99D94B4-B01D-4792-A6E7-AD229879C007}"
EndProject
Global
	GlobalSection(SolutionConfigurationPlatforms) = preSolution
		Debug|Any CPU = Debug|Any CPU
		Release|Any CPU = Release|Any CPU
		Testing|Any CPU = Testing|Any CPU
	EndGlobalSection
	GlobalSection(ProjectConfigurationPlatforms) = postSolution
		{D99D94B4-B01D-4792-A6E7-AD229879C007}.Debug|Any CPU.ActiveCfg = Debug|Any CPU
		{D99D94B4-B01D-4792-A6E7-AD229879C007}.Debug|Any CPU.Build.0 = Debug|Any CPU
		{D99D94B4-B01D-4792-A6E7-AD229879C007}.Release|Any CPU.ActiveCfg = Release|Any CPU
		{D99D94B4-B01D-4792-A6E7-AD229879C007}.Release|Any CPU.Build.0 = Release|Any CPU
		{D99D94B4-B01D-4792-A6E7-AD229879C007}.Testing|Any CPU.ActiveCfg = Testing|Any CPU
		{D99D94B4-B01D-4792-A6E7-AD229879C007}.Testing|Any CPU.Build.0 = Testing|Any CPU
	EndGlobalSection
	GlobalSection(SolutionProperties) = preSolution
		HideSolutionNode = FALSE
	EndGlobalSection
	GlobalSection(ExtensibilityGlobals) = postSolution
		SolutionGuid = {3CC87F22-C952-4757-BBBE-E79D12E59EA2}
	EndGlobalSection
EndGlobal
